
Microsoft Visual Studio Solution File, Format Version 12.00
# Visual Studio Version 17
VisualStudioVersion = 17.8.34511.84
MinimumVisualStudioVersion = 10.0.40219.1
Project("{9A19103F-16F7-4668-BE54-9A1E7A4F7556}") = "Clase13", "Clase13\Clase13.csproj", "{596209B1-E548-48F1-84FF-3A689219D4E1}"
EndProject
Project("{FAE04EC0-301F-11D3-BF4B-00C04F79EFBC}") = "SistemaGestionData", "SistemaGestionData\SistemaGestionData.csproj", "{B67EB70F-E7F1-44BA-BA29-AD3CF5D51CB2}"
EndProject
Project("{FAE04EC0-301F-11D3-BF4B-00C04F79EFBC}") = "SistemaGestionEntities", "SistemaGestionEntities\SistemaGestionEntities.csproj", "{2E9E5964-C406-4EAB-9A6C-D66BDD82C416}"
EndProject
Global
	GlobalSection(SolutionConfigurationPlatforms) = preSolution
		Debug|Any CPU = Debug|Any CPU
		Release|Any CPU = Release|Any CPU
	EndGlobalSection
	GlobalSection(ProjectConfigurationPlatforms) = postSolution
		{596209B1-E548-48F1-84FF-3A689219D4E1}.Debug|Any CPU.ActiveCfg = Debug|Any CPU
		{596209B1-E548-48F1-84FF-3A689219D4E1}.Debug|Any CPU.Build.0 = Debug|Any CPU
		{596209B1-E548-48F1-84FF-3A689219D4E1}.Release|Any CPU.ActiveCfg = Release|Any CPU
		{596209B1-E548-48F1-84FF-3A689219D4E1}.Release|Any CPU.Build.0 = Release|Any CPU
		{B67EB70F-E7F1-44BA-BA29-AD3CF5D51CB2}.Debug|Any CPU.ActiveCfg = Debug|Any CPU
		{B67EB70F-E7F1-44BA-BA29-AD3CF5D51CB2}.Debug|Any CPU.Build.0 = Debug|Any CPU
		{B67EB70F-E7F1-44BA-BA29-AD3CF5D51CB2}.Release|Any CPU.ActiveCfg = Release|Any CPU
		{B67EB70F-E7F1-44BA-BA29-AD3CF5D51CB2}.Release|Any CPU.Build.0 = Release|Any CPU
		{2E9E5964-C406-4EAB-9A6C-D66BDD82C416}.Debug|Any CPU.ActiveCfg = Debug|Any CPU
		{2E9E5964-C406-4EAB-9A6C-D66BDD82C416}.Debug|Any CPU.Build.0 = Debug|Any CPU
		{2E9E5964-C406-4EAB-9A6C-D66BDD82C416}.Release|Any CPU.ActiveCfg = Release|Any CPU
		{2E9E5964-C406-4EAB-9A6C-D66BDD82C416}.Release|Any CPU.Build.0 = Release|Any CPU
	EndGlobalSection
	GlobalSection(SolutionProperties) = preSolution
		HideSolutionNode = FALSE
	EndGlobalSection
	GlobalSection(ExtensibilityGlobals) = postSolution
		SolutionGuid = {1EC8E66D-4CBB-49F3-AC7E-782012862735}
	EndGlobalSection
EndGlobal
